<?xml version="1.0" encoding="UTF-8"?>
<Scheme
   version = "1.3">
   <BuildAction>
      <BuildActionEntries>
         <BuildActionEntry
            buildForRunning = "YES">
            <BuildableReference
               BuildableIdentifier = "primary"
               BlueprintIdentifier = "24119BA093CA4BD12B04E1A7"
               BuildableName = "LoL Stats.app"
               BlueprintName = "LoL Stats"
               ReferencedContainer = "container:LoL Stats.xcodeproj">
            </BuildableReference>
         </BuildActionEntry>
      </BuildActionEntries>
   </BuildAction>
   <LaunchAction
      useCustomWorkingDirectory = "NO"
      buildConfiguration = "Debug">
      <BuildableProductRunnable>
         <BuildableReference
            BuildableIdentifier = "primary"
            BlueprintIdentifier = "24119BA093CA4BD12B04E1A7"
            BuildableName = "LoL Stats.app"
            BlueprintName = "LoL Stats"
            ReferencedContainer = "container:LoL Stats.xcodeproj">
         </BuildableReference>
      </BuildableProductRunnable>
   </LaunchAction>
</Scheme>
